
Microsoft Visual Studio Solution File, Format Version 12.00
# Visual Studio 2013
VisualStudioVersion = 12.0.21005.1
MinimumVisualStudioVersion = 10.0.40219.1
Project("{FAE04EC0-301F-11D3-BF4B-00C04F79EFBC}") = "SKGL 2.0.5.2", "SKGL 2.0.5.2.csproj", "{3E42C239-69E0-4420-8133-898FA2CF135A}"
EndProject
Project("{F184B08F-C81C-45F6-A57F-5ABD9991F28F}") = "Software Protector", "..\Software Protector Source 1.0.2.1\Software Protector\Software Protector.vbproj", "{16BA9EE3-2E71-4D43-954B-6DFFE8471F65}"
EndProject
Project("{FAE04EC0-301F-11D3-BF4B-00C04F79EFBC}") = "SKGLDemo", "..\SKGLDemo\SKGLDemo.csproj", "{E5CF109D-C1FF-4854-BECA-742BB332D625}"
EndProject
Global
	GlobalSection(SolutionConfigurationPlatforms) = preSolution
		Debug|Any CPU = Debug|Any CPU
		Debug|Mixed Platforms = Debug|Mixed Platforms
		Debug|x86 = Debug|x86
		Release|Any CPU = Release|Any CPU
		Release|Mixed Platforms = Release|Mixed Platforms
		Release|x86 = Release|x86
	EndGlobalSection
	GlobalSection(ProjectConfigurationPlatforms) = postSolution
		{3E42C239-69E0-4420-8133-898FA2CF135A}.Debug|Any CPU.ActiveCfg = Debug|Any CPU
		{3E42C239-69E0-4420-8133-898FA2CF135A}.Debug|Any CPU.Build.0 = Debug|Any CPU
		{3E42C239-69E0-4420-8133-898FA2CF135A}.Debug|Mixed Platforms.ActiveCfg = Debug|Any CPU
		{3E42C239-69E0-4420-8133-898FA2CF135A}.Debug|Mixed Platforms.Build.0 = Debug|Any CPU
		{3E42C239-69E0-4420-8133-898FA2CF135A}.Debug|x86.ActiveCfg = Debug|Any CPU
		{3E42C239-69E0-4420-8133-898FA2CF135A}.Release|Any CPU.ActiveCfg = Release|Any CPU
		{3E42C239-69E0-4420-8133-898FA2CF135A}.Release|Any CPU.Build.0 = Release|Any CPU
		{3E42C239-69E0-4420-8133-898FA2CF135A}.Release|Mixed Platforms.ActiveCfg = Release|Any CPU
		{3E42C239-69E0-4420-8133-898FA2CF135A}.Release|Mixed Platforms.Build.0 = Release|Any CPU
		{3E42C239-69E0-4420-8133-898FA2CF135A}.Release|x86.ActiveCfg = Release|Any CPU
		{16BA9EE3-2E71-4D43-954B-6DFFE8471F65}.Debug|Any CPU.ActiveCfg = Debug|x86
		{16BA9EE3-2E71-4D43-954B-6DFFE8471F65}.Debug|Mixed Platforms.ActiveCfg = Debug|x86
		{16BA9EE3-2E71-4D43-954B-6DFFE8471F65}.Debug|Mixed Platforms.Build.0 = Debug|x86
		{16BA9EE3-2E71-4D43-954B-6DFFE8471F65}.Debug|x86.ActiveCfg = Debug|x86
		{16BA9EE3-2E71-4D43-954B-6DFFE8471F65}.Debug|x86.Build.0 = Debug|x86
		{16BA9EE3-2E71-4D43-954B-6DFFE8471F65}.Release|Any CPU.ActiveCfg = Release|x86
		{16BA9EE3-2E71-4D43-954B-6DFFE8471F65}.Release|Mixed Platforms.ActiveCfg = Release|x86
		{16BA9EE3-2E71-4D43-954B-6DFFE8471F65}.Release|Mixed Platforms.Build.0 = Release|x86
		{16BA9EE3-2E71-4D43-954B-6DFFE8471F65}.Release|x86.ActiveCfg = Release|x86
		{16BA9EE3-2E71-4D43-954B-6DFFE8471F65}.Release|x86.Build.0 = Release|x86
		{E5CF109D-C1FF-4854-BECA-742BB332D625}.Debug|Any CPU.ActiveCfg = Debug|Any CPU
		{E5CF109D-C1FF-4854-BECA-742BB332D625}.Debug|Any CPU.Build.0 = Debug|Any CPU
		{E5CF109D-C1FF-4854-BECA-742BB332D625}.Debug|Mixed Platforms.ActiveCfg = Debug|Any CPU
		{E5CF109D-C1FF-4854-BECA-742BB332D625}.Debug|Mixed Platforms.Build.0 = Debug|Any CPU
		{E5CF109D-C1FF-4854-BECA-742BB332D625}.Debug|x86.ActiveCfg = Debug|Any CPU
		{E5CF109D-C1FF-4854-BECA-742BB332D625}.Release|Any CPU.ActiveCfg = Release|Any CPU
		{E5CF109D-C1FF-4854-BECA-742BB332D625}.Release|Any CPU.Build.0 = Release|Any CPU
		{E5CF109D-C1FF-4854-BECA-742BB332D625}.Release|Mixed Platforms.ActiveCfg = Release|Any CPU
		{E5CF109D-C1FF-4854-BECA-742BB332D625}.Release|Mixed Platforms.Build.0 = Release|Any CPU
		{E5CF109D-C1FF-4854-BECA-742BB332D625}.Release|x86.ActiveCfg = Release|Any CPU
	EndGlobalSection
	GlobalSection(SolutionProperties) = preSolution
		HideSolutionNode = FALSE
	EndGlobalSection
EndGlobal
